
Microsoft Visual Studio Solution File, Format Version 12.00
# Visual Studio Version 17
VisualStudioVersion = 17.9.34728.123
MinimumVisualStudioVersion = 10.0.40219.1
Project("{FAE04EC0-301F-11D3-BF4B-00C04F79EFBC}") = "MyDoc", "MyDoc\MyDoc.csproj", "{0B178253-87E8-4229-9F9F-BA11C46EDFB6}"
EndProject
Global
	GlobalSection(SolutionConfigurationPlatforms) = preSolution
		Debug|Any CPU = Debug|Any CPU
		Release|Any CPU = Release|Any CPU
	EndGlobalSection
	GlobalSection(ProjectConfigurationPlatforms) = postSolution
		{0B178253-87E8-4229-9F9F-BA11C46EDFB6}.Debug|Any CPU.ActiveCfg = Debug|Any CPU
		{0B178253-87E8-4229-9F9F-BA11C46EDFB6}.Debug|Any CPU.Build.0 = Debug|Any CPU
		{0B178253-87E8-4229-9F9F-BA11C46EDFB6}.Release|Any CPU.ActiveCfg = Release|Any CPU
		{0B178253-87E8-4229-9F9F-BA11C46EDFB6}.Release|Any CPU.Build.0 = Release|Any CPU
	EndGlobalSection
	GlobalSection(SolutionProperties) = preSolution
		HideSolutionNode = FALSE
	EndGlobalSection
	GlobalSection(ExtensibilityGlobals) = postSolution
		SolutionGuid = {0A43B105-6217-4015-9F22-9B2FFB5E6193}
	EndGlobalSection
EndGlobal
